
Microsoft Visual Studio Solution File, Format Version 12.00
# Visual Studio 15
VisualStudioVersion = 15.0.28010.2046
MinimumVisualStudioVersion = 10.0.40219.1
Project("{FAE04EC0-301F-11D3-BF4B-00C04F79EFBC}") = "QRCode.Android", "QRCode\QRCode.Android\QRCode.Android.csproj", "{AE3196B2-2D44-4B46-95BA-39E217F0AC64}"
EndProject
Project("{FAE04EC0-301F-11D3-BF4B-00C04F79EFBC}") = "QRCode.iOS", "QRCode\QRCode.iOS\QRCode.iOS.csproj", "{93CBBBA0-EFD9-4B50-9913-B88933468AF2}"
EndProject
Project("{FAE04EC0-301F-11D3-BF4B-00C04F79EFBC}") = "QRCode", "QRCode\QRCode\QRCode.csproj", "{40250805-54AA-4C7C-A248-460E0C289FB5}"
EndProject
Global
	GlobalSection(SolutionConfigurationPlatforms) = preSolution
		Ad-Hoc|Any CPU = Ad-Hoc|Any CPU
		Ad-Hoc|iPhone = Ad-Hoc|iPhone
		Ad-Hoc|iPhoneSimulator = Ad-Hoc|iPhoneSimulator
		AppStore|Any CPU = AppStore|Any CPU
		AppStore|iPhone = AppStore|iPhone
		AppStore|iPhoneSimulator = AppStore|iPhoneSimulator
		Debug|Any CPU = Debug|Any CPU
		Debug|iPhone = Debug|iPhone
		Debug|iPhoneSimulator = Debug|iPhoneSimulator
		Release|Any CPU = Release|Any CPU
		Release|iPhone = Release|iPhone
		Release|iPhoneSimulator = Release|iPhoneSimulator
	EndGlobalSection
	GlobalSection(ProjectConfigurationPlatforms) = postSolution
		{AE3196B2-2D44-4B46-95BA-39E217F0AC64}.Ad-Hoc|Any CPU.ActiveCfg = Release|Any CPU
		{AE3196B2-2D44-4B46-95BA-39E217F0AC64}.Ad-Hoc|Any CPU.Build.0 = Release|Any CPU
		{AE3196B2-2D44-4B46-95BA-39E217F0AC64}.Ad-Hoc|Any CPU.Deploy.0 = Release|Any CPU
		{AE3196B2-2D44-4B46-95BA-39E217F0AC64}.Ad-Hoc|iPhone.ActiveCfg = Release|Any CPU
		{AE3196B2-2D44-4B46-95BA-39E217F0AC64}.Ad-Hoc|iPhone.Build.0 = Release|Any CPU
		{AE3196B2-2D44-4B46-95BA-39E217F0AC64}.Ad-Hoc|iPhone.Deploy.0 = Release|Any CPU
		{AE3196B2-2D44-4B46-95BA-39E217F0AC64}.Ad-Hoc|iPhoneSimulator.ActiveCfg = Release|Any CPU
		{AE3196B2-2D44-4B46-95BA-39E217F0AC64}.Ad-Hoc|iPhoneSimulator.Build.0 = Release|Any CPU
		{AE3196B2-2D44-4B46-95BA-39E217F0AC64}.Ad-Hoc|iPhoneSimulator.Deploy.0 = Release|Any CPU
		{AE3196B2-2D44-4B46-95BA-39E217F0AC64}.AppStore|Any CPU.ActiveCfg = Release|Any CPU
		{AE3196B2-2D44-4B46-95BA-39E217F0AC64}.AppStore|Any CPU.Build.0 = Release|Any CPU
		{AE3196B2-2D44-4B46-95BA-39E217F0AC64}.AppStore|Any CPU.Deploy.0 = Release|Any CPU
		{AE3196B2-2D44-4B46-95BA-39E217F0AC64}.AppStore|iPhone.ActiveCfg = Release|Any CPU
		{AE3196B2-2D44-4B46-95BA-39E217F0AC64}.AppStore|iPhone.Build.0 = Release|Any CPU
		{AE3196B2-2D44-4B46-95BA-39E217F0AC64}.AppStore|iPhone.Deploy.0 = Release|Any CPU
		{AE3196B2-2D44-4B46-95BA-39E217F0AC64}.AppStore|iPhoneSimulator.ActiveCfg = Release|Any CPU
		{AE3196B2-2D44-4B46-95BA-39E217F0AC64}.AppStore|iPhoneSimulator.Build.0 = Release|Any CPU
		{AE3196B2-2D44-4B46-95BA-39E217F0AC64}.AppStore|iPhoneSimulator.Deploy.0 = Release|Any CPU
		{AE3196B2-2D44-4B46-95BA-39E217F0AC64}.Debug|Any CPU.ActiveCfg = Debug|Any CPU
		{AE3196B2-2D44-4B46-95BA-39E217F0AC64}.Debug|Any CPU.Build.0 = Debug|Any CPU
		{AE3196B2-2D44-4B46-95BA-39E217F0AC64}.Debug|Any CPU.Deploy.0 = Debug|Any CPU
		{AE3196B2-2D44-4B46-95BA-39E217F0AC64}.Debug|iPhone.ActiveCfg = Debug|Any CPU
		{AE3196B2-2D44-4B46-95BA-39E217F0AC64}.Debug|iPhone.Build.0 = Debug|Any CPU
		{AE3196B2-2D44-4B46-95BA-39E217F0AC64}.Debug|iPhone.Deploy.0 = Debug|Any CPU
		{AE3196B2-2D44-4B46-95BA-39E217F0AC64}.Debug|iPhoneSimulator.ActiveCfg = Debug|Any CPU
		{AE3196B2-2D44-4B46-95BA-39E217F0AC64}.Debug|iPhoneSimulator.Build.0 = Debug|Any CPU
		{AE3196B2-2D44-4B46-95BA-39E217F0AC64}.Debug|iPhoneSimulator.Deploy.0 = Debug|Any CPU
		{AE3196B2-2D44-4B46-95BA-39E217F0AC64}.Release|Any CPU.ActiveCfg = Release|Any CPU
		{AE3196B2-2D44-4B46-95BA-39E217F0AC64}.Release|Any CPU.Build.0 = Release|Any CPU
		{AE3196B2-2D44-4B46-95BA-39E217F0AC64}.Release|Any CPU.Deploy.0 = Release|Any CPU
		{AE3196B2-2D44-4B46-95BA-39E217F0AC64}.Release|iPhone.ActiveCfg = Release|Any CPU
		{AE3196B2-2D44-4B46-95BA-39E217F0AC64}.Release|iPhone.Build.0 = Release|Any CPU
		{AE3196B2-2D44-4B46-95BA-39E217F0AC64}.Release|iPhone.Deploy.0 = Release|Any CPU
		{AE3196B2-2D44-4B46-95BA-39E217F0AC64}.Release|iPhoneSimulator.ActiveCfg = Release|Any CPU
		{AE3196B2-2D44-4B46-95BA-39E217F0AC64}.Release|iPhoneSimulator.Build.0 = Release|Any CPU
		{AE3196B2-2D44-4B46-95BA-39E217F0AC64}.Release|iPhoneSimulator.Deploy.0 = Release|Any CPU
		{93CBBBA0-EFD9-4B50-9913-B88933468AF2}.Ad-Hoc|Any CPU.ActiveCfg = Ad-Hoc|iPhone
		{93CBBBA0-EFD9-4B50-9913-B88933468AF2}.Ad-Hoc|Any CPU.Build.0 = Ad-Hoc|iPhone
		{93CBBBA0-EFD9-4B50-9913-B88933468AF2}.Ad-Hoc|Any CPU.Deploy.0 = Ad-Hoc|iPhone
		{93CBBBA0-EFD9-4B50-9913-B88933468AF2}.Ad-Hoc|iPhone.ActiveCfg = Ad-Hoc|iPhone
		{93CBBBA0-EFD9-4B50-9913-B88933468AF2}.Ad-Hoc|iPhone.Build.0 = Ad-Hoc|iPhone
		{93CBBBA0-EFD9-4B50-9913-B88933468AF2}.Ad-Hoc|iPhone.Deploy.0 = Ad-Hoc|iPhone
		{93CBBBA0-EFD9-4B50-9913-B88933468AF2}.Ad-Hoc|iPhoneSimulator.ActiveCfg = Ad-Hoc|iPhoneSimulator
		{93CBBBA0-EFD9-4B50-9913-B88933468AF2}.Ad-Hoc|iPhoneSimulator.Build.0 = Ad-Hoc|iPhoneSimulator
		{93CBBBA0-EFD9-4B50-9913-B88933468AF2}.Ad-Hoc|iPhoneSimulator.Deploy.0 = Ad-Hoc|iPhoneSimulator
		{93CBBBA0-EFD9-4B50-9913-B88933468AF2}.AppStore|Any CPU.ActiveCfg = AppStore|iPhone
		{93CBBBA0-EFD9-4B50-9913-B88933468AF2}.AppStore|Any CPU.Build.0 = AppStore|iPhone
		{93CBBBA0-EFD9-4B50-9913-B88933468AF2}.AppStore|Any CPU.Deploy.0 = AppStore|iPhone
		{93CBBBA0-EFD9-4B50-9913-B88933468AF2}.AppStore|iPhone.ActiveCfg = AppStore|iPhone
		{93CBBBA0-EFD9-4B50-9913-B88933468AF2}.AppStore|iPhone.Build.0 = AppStore|iPhone
		{93CBBBA0-EFD9-4B50-9913-B88933468AF2}.AppStore|iPhone.Deploy.0 = AppStore|iPhone
		{93CBBBA0-EFD9-4B50-9913-B88933468AF2}.AppStore|iPhoneSimulator.ActiveCfg = AppStore|iPhoneSimulator
		{93CBBBA0-EFD9-4B50-9913-B88933468AF2}.AppStore|iPhoneSimulator.Build.0 = AppStore|iPhoneSimulator
		{93CBBBA0-EFD9-4B50-9913-B88933468AF2}.AppStore|iPhoneSimulator.Deploy.0 = AppStore|iPhoneSimulator
		{93CBBBA0-EFD9-4B50-9913-B88933468AF2}.Debug|Any CPU.ActiveCfg = Debug|iPhoneSimulator
		{93CBBBA0-EFD9-4B50-9913-B88933468AF2}.Debug|Any CPU.Build.0 = Debug|iPhoneSimulator
		{93CBBBA0-EFD9-4B50-9913-B88933468AF2}.Debug|Any CPU.Deploy.0 = Debug|iPhoneSimulator
		{93CBBBA0-EFD9-4B50-9913-B88933468AF2}.Debug|iPhone.ActiveCfg = Debug|iPhone
		{93CBBBA0-EFD9-4B50-9913-B88933468AF2}.Debug|iPhone.Build.0 = Debug|iPhone
		{93CBBBA0-EFD9-4B50-9913-B88933468AF2}.Debug|iPhone.Deploy.0 = Debug|iPhone
		{93CBBBA0-EFD9-4B50-9913-B88933468AF2}.Debug|iPhoneSimulator.ActiveCfg = Debug|iPhoneSimulator
		{93CBBBA0-EFD9-4B50-9913-B88933468AF2}.Debug|iPhoneSimulator.Build.0 = Debug|iPhoneSimulator
		{93CBBBA0-EFD9-4B50-9913-B88933468AF2}.Debug|iPhoneSimulator.Deploy.0 = Debug|iPhoneSimulator
		{93CBBBA0-EFD9-4B50-9913-B88933468AF2}.Release|Any CPU.ActiveCfg = Release|iPhone
		{93CBBBA0-EFD9-4B50-9913-B88933468AF2}.Release|Any CPU.Build.0 = Release|iPhone
		{93CBBBA0-EFD9-4B50-9913-B88933468AF2}.Release|Any CPU.Deploy.0 = Release|iPhone
		{93CBBBA0-EFD9-4B50-9913-B88933468AF2}.Release|iPhone.ActiveCfg = Release|iPhone
		{93CBBBA0-EFD9-4B50-9913-B88933468AF2}.Release|iPhone.Build.0 = Release|iPhone
		{93CBBBA0-EFD9-4B50-9913-B88933468AF2}.Release|iPhone.Deploy.0 = Release|iPhone
		{93CBBBA0-EFD9-4B50-9913-B88933468AF2}.Release|iPhoneSimulator.ActiveCfg = Release|iPhoneSimulator
		{93CBBBA0-EFD9-4B50-9913-B88933468AF2}.Release|iPhoneSimulator.Build.0 = Release|iPhoneSimulator
		{93CBBBA0-EFD9-4B50-9913-B88933468AF2}.Release|iPhoneSimulator.Deploy.0 = Release|iPhoneSimulator
		{40250805-54AA-4C7C-A248-460E0C289FB5}.Ad-Hoc|Any CPU.ActiveCfg = Debug|Any CPU
		{40250805-54AA-4C7C-A248-460E0C289FB5}.Ad-Hoc|Any CPU.Build.0 = Debug|Any CPU
		{40250805-54AA-4C7C-A248-460E0C289FB5}.Ad-Hoc|Any CPU.Deploy.0 = Debug|Any CPU
		{40250805-54AA-4C7C-A248-460E0C289FB5}.Ad-Hoc|iPhone.ActiveCfg = Debug|Any CPU
		{40250805-54AA-4C7C-A248-460E0C289FB5}.Ad-Hoc|iPhone.Build.0 = Debug|Any CPU
		{40250805-54AA-4C7C-A248-460E0C289FB5}.Ad-Hoc|iPhone.Deploy.0 = Debug|Any CPU
		{40250805-54AA-4C7C-A248-460E0C289FB5}.Ad-Hoc|iPhoneSimulator.ActiveCfg = Debug|Any CPU
		{40250805-54AA-4C7C-A248-460E0C289FB5}.Ad-Hoc|iPhoneSimulator.Build.0 = Debug|Any CPU
		{40250805-54AA-4C7C-A248-460E0C289FB5}.Ad-Hoc|iPhoneSimulator.Deploy.0 = Debug|Any CPU
		{40250805-54AA-4C7C-A248-460E0C289FB5}.AppStore|Any CPU.ActiveCfg = Debug|Any CPU
		{40250805-54AA-4C7C-A248-460E0C289FB5}.AppStore|Any CPU.Build.0 = Debug|Any CPU
		{40250805-54AA-4C7C-A248-460E0C289FB5}.AppStore|Any CPU.Deploy.0 = Debug|Any CPU
		{40250805-54AA-4C7C-A248-460E0C289FB5}.AppStore|iPhone.ActiveCfg = Debug|Any CPU
		{40250805-54AA-4C7C-A248-460E0C289FB5}.AppStore|iPhone.Build.0 = Debug|Any CPU
		{40250805-54AA-4C7C-A248-460E0C289FB5}.AppStore|iPhone.Deploy.0 = Debug|Any CPU
		{40250805-54AA-4C7C-A248-460E0C289FB5}.AppStore|iPhoneSimulator.ActiveCfg = Debug|Any CPU
		{40250805-54AA-4C7C-A248-460E0C289FB5}.AppStore|iPhoneSimulator.Build.0 = Debug|Any CPU
		{40250805-54AA-4C7C-A248-460E0C289FB5}.AppStore|iPhoneSimulator.Deploy.0 = Debug|Any CPU
		{40250805-54AA-4C7C-A248-460E0C289FB5}.Debug|Any CPU.ActiveCfg = Debug|Any CPU
		{40250805-54AA-4C7C-A248-460E0C289FB5}.Debug|Any CPU.Build.0 = Debug|Any CPU
		{40250805-54AA-4C7C-A248-460E0C289FB5}.Debug|Any CPU.Deploy.0 = Debug|Any CPU
		{40250805-54AA-4C7C-A248-460E0C289FB5}.Debug|iPhone.ActiveCfg = Debug|Any CPU
		{40250805-54AA-4C7C-A248-460E0C289FB5}.Debug|iPhone.Build.0 = Debug|Any CPU
		{40250805-54AA-4C7C-A248-460E0C289FB5}.Debug|iPhone.Deploy.0 = Debug|Any CPU
		{40250805-54AA-4C7C-A248-460E0C289FB5}.Debug|iPhoneSimulator.ActiveCfg = Debug|Any CPU
		{40250805-54AA-4C7C-A248-460E0C289FB5}.Debug|iPhoneSimulator.Build.0 = Debug|Any CPU
		{40250805-54AA-4C7C-A248-460E0C289FB5}.Debug|iPhoneSimulator.Deploy.0 = Debug|Any CPU
		{40250805-54AA-4C7C-A248-460E0C289FB5}.Release|Any CPU.ActiveCfg = Release|Any CPU
		{40250805-54AA-4C7C-A248-460E0C289FB5}.Release|Any CPU.Build.0 = Release|Any CPU
		{40250805-54AA-4C7C-A248-460E0C289FB5}.Release|Any CPU.Deploy.0 = Release|Any CPU
		{40250805-54AA-4C7C-A248-460E0C289FB5}.Release|iPhone.ActiveCfg = Release|Any CPU
		{40250805-54AA-4C7C-A248-460E0C289FB5}.Release|iPhone.Build.0 = Release|Any CPU
		{40250805-54AA-4C7C-A248-460E0C289FB5}.Release|iPhone.Deploy.0 = Release|Any CPU
		{40250805-54AA-4C7C-A248-460E0C289FB5}.Release|iPhoneSimulator.ActiveCfg = Release|Any CPU
		{40250805-54AA-4C7C-A248-460E0C289FB5}.Release|iPhoneSimulator.Build.0 = Release|Any CPU
		{40250805-54AA-4C7C-A248-460E0C289FB5}.Release|iPhoneSimulator.Deploy.0 = Release|Any CPU
	EndGlobalSection
	GlobalSection(SolutionProperties) = preSolution
		HideSolutionNode = FALSE
	EndGlobalSection
	GlobalSection(ExtensibilityGlobals) = postSolution
		SolutionGuid = {2ACF739A-24CE-44FA-91A4-0B299F2927A2}
	EndGlobalSection
EndGlobal
